
Microsoft Visual Studio Solution File, Format Version 12.00
# Visual Studio 15
VisualStudioVersion = 15.0.27703.2000
MinimumVisualStudioVersion = 10.0.40219.1
Project("{FAE04EC0-301F-11D3-BF4B-00C04F79EFBC}") = "MotionLab", "MotionLab\MotionLab.csproj", "{B13B8774-3E8F-41DC-92DA-4FCB9A4633A8}"
EndProject
Global
	GlobalSection(SolutionConfigurationPlatforms) = preSolution
		Debug|Any CPU = Debug|Any CPU
		Release|Any CPU = Release|Any CPU
	EndGlobalSection
	GlobalSection(ProjectConfigurationPlatforms) = postSolution
		{B13B8774-3E8F-41DC-92DA-4FCB9A4633A8}.Debug|Any CPU.ActiveCfg = Debug|Any CPU
		{B13B8774-3E8F-41DC-92DA-4FCB9A4633A8}.Debug|Any CPU.Build.0 = Debug|Any CPU
		{B13B8774-3E8F-41DC-92DA-4FCB9A4633A8}.Release|Any CPU.ActiveCfg = Release|Any CPU
		{B13B8774-3E8F-41DC-92DA-4FCB9A4633A8}.Release|Any CPU.Build.0 = Release|Any CPU
	EndGlobalSection
	GlobalSection(SolutionProperties) = preSolution
		HideSolutionNode = FALSE
	EndGlobalSection
	GlobalSection(ExtensibilityGlobals) = postSolution
		SolutionGuid = {34564850-9E5E-4C4C-BD5B-A730BE16C7B1}
	EndGlobalSection
EndGlobal
